// !$*UTF8*$!
{
	archiveVersion = 1;
	classes = {
	};
	objectVersion = 50;
	objects = {

/* Begin PBXBuildFile section */
		0604D835211FE0EA00D5C5D9 /* SecurityCodeScreen.swift in Sources */ = {isa = PBXBuildFile; fileRef = 0604D834211FE0E900D5C5D9 /* SecurityCodeScreen.swift */; };
		0604D837211FE7F900D5C5D9 /* PXCardIdTest.swift in Sources */ = {isa = PBXBuildFile; fileRef = 0604D836211FE7F900D5C5D9 /* PXCardIdTest.swift */; };
		15225C8D20F66B9A002CF168 /* ConfigurationsViewController.swift in Sources */ = {isa = PBXBuildFile; fileRef = 15225C8B20F66B9A002CF168 /* ConfigurationsViewController.swift */; };
		15225C9020F66B9A002CF168 /* ConfigurationsViewController.xib in Resources */ = {isa = PBXBuildFile; fileRef = 15225C8C20F66B9A002CF168 /* ConfigurationsViewController.xib */; };
		15225C9120F66B9A002CF168 /* ConfigurationsViewController.xib in Resources */ = {isa = PBXBuildFile; fileRef = 15225C8C20F66B9A002CF168 /* ConfigurationsViewController.xib */; };
		15225C9220F66B9A002CF168 /* ConfigurationsViewController.xib in Resources */ = {isa = PBXBuildFile; fileRef = 15225C8C20F66B9A002CF168 /* ConfigurationsViewController.xib */; };
		15225C9420F66C98002CF168 /* Configurations.swift in Sources */ = {isa = PBXBuildFile; fileRef = 15225C9320F66C98002CF168 /* Configurations.swift */; };
		15225C9520F66C98002CF168 /* Configurations.swift in Sources */ = {isa = PBXBuildFile; fileRef = 15225C9320F66C98002CF168 /* Configurations.swift */; };
		15225C9620F66C98002CF168 /* Configurations.swift in Sources */ = {isa = PBXBuildFile; fileRef = 15225C9320F66C98002CF168 /* Configurations.swift */; };
		15225CA220F6851F002CF168 /* ChargesTest.swift in Sources */ = {isa = PBXBuildFile; fileRef = 15225CA120F6851F002CF168 /* ChargesTest.swift */; };
		157E0A1320AC9D3B00049905 /* PXFile.swift in Sources */ = {isa = PBXBuildFile; fileRef = 157E0A1220AC9D3B00049905 /* PXFile.swift */; };
		4BE78D3C20D818CA00F23CA5 /* PXUITests.swift in Sources */ = {isa = PBXBuildFile; fileRef = 4BE78D3B20D818CA00F23CA5 /* PXUITests.swift */; };
		89AA528128DCB1F9B3DA0CD8 /* Pods_MercadoPagoSDKExampleSwift.framework in Frameworks */ = {isa = PBXBuildFile; fileRef = 457D176CBAD5EA0FB31F7F4A /* Pods_MercadoPagoSDKExampleSwift.framework */; };
		ABEE977B0F00F6062A3E6DF4 /* Pods_MercadoPagoSDKExampleSwiftTests.framework in Frameworks */ = {isa = PBXBuildFile; fileRef = FDE93CBC48E31A48A8CA308D /* Pods_MercadoPagoSDKExampleSwiftTests.framework */; };
		F4409D751945E1115DE67896 /* Pods_MercadoPagoSDKExampleSwiftUITests.framework in Frameworks */ = {isa = PBXBuildFile; fileRef = 81C98B578CAA8E768B266877 /* Pods_MercadoPagoSDKExampleSwiftUITests.framework */; };
		FC157D4A209A2386009A2C3A /* IssuersScreen.swift in Sources */ = {isa = PBXBuildFile; fileRef = FC157D49209A2386009A2C3A /* IssuersScreen.swift */; };
		FC1C5FE620ACB21F007AAE48 /* PXFlows.swift in Sources */ = {isa = PBXBuildFile; fileRef = FC1C5FE520ACB21F007AAE48 /* PXFlows.swift */; };
		FC7D2F5D20F64714001C97CF /* PXDiscountUITest.swift in Sources */ = {isa = PBXBuildFile; fileRef = FC7D2F5C20F64714001C97CF /* PXDiscountUITest.swift */; };
		FC7D2F5F20F649A3001C97CF /* DiscountDetailModalScreen.swift in Sources */ = {isa = PBXBuildFile; fileRef = FC7D2F5E20F649A3001C97CF /* DiscountDetailModalScreen.swift */; };
		FC89F73F2088E2E40093B001 /* CheckoutOptionsViewController.swift in Sources */ = {isa = PBXBuildFile; fileRef = FC89F73E2088E2E40093B001 /* CheckoutOptionsViewController.swift */; };
		FC89F7532088F5540093B001 /* MainGroupScreen.swift in Sources */ = {isa = PBXBuildFile; fileRef = FC89F74A2088F5530093B001 /* MainGroupScreen.swift */; };
		FC89F7542088F5540093B001 /* CongratsScreen.swift in Sources */ = {isa = PBXBuildFile; fileRef = FC89F74B2088F5530093B001 /* CongratsScreen.swift */; };
		FC89F7552088F5540093B001 /* BaseScreen.swift in Sources */ = {isa = PBXBuildFile; fileRef = FC89F74C2088F5530093B001 /* BaseScreen.swift */; };
		FC89F7562088F5540093B001 /* CardScreen.swift in Sources */ = {isa = PBXBuildFile; fileRef = FC89F74D2088F5530093B001 /* CardScreen.swift */; };
		FC89F7572088F5540093B001 /* IdentificationScreen.swift in Sources */ = {isa = PBXBuildFile; fileRef = FC89F74E2088F5530093B001 /* IdentificationScreen.swift */; };
		FC89F7582088F5540093B001 /* MainPage.swift in Sources */ = {isa = PBXBuildFile; fileRef = FC89F74F2088F5540093B001 /* MainPage.swift */; };
		FC89F7592088F5540093B001 /* PayerCostScreen.swift in Sources */ = {isa = PBXBuildFile; fileRef = FC89F7502088F5540093B001 /* PayerCostScreen.swift */; };
		FC89F75B2088F5540093B001 /* ReviewScreen.swift in Sources */ = {isa = PBXBuildFile; fileRef = FC89F7522088F5540093B001 /* ReviewScreen.swift */; };
		FCB9B13120F6754F0097F746 /* ConfigurationScreen.swift in Sources */ = {isa = PBXBuildFile; fileRef = FCB9B13020F6754F0097F746 /* ConfigurationScreen.swift */; };
		FCCA0D872088DE3F009F77D4 /* AppDelegate.swift in Sources */ = {isa = PBXBuildFile; fileRef = FCCA0D862088DE3F009F77D4 /* AppDelegate.swift */; };
		FCCA0D8E2088DE42009F77D4 /* Assets.xcassets in Resources */ = {isa = PBXBuildFile; fileRef = FCCA0D8D2088DE42009F77D4 /* Assets.xcassets */; };
		FCCA0D912088DE42009F77D4 /* LaunchScreen.storyboard in Resources */ = {isa = PBXBuildFile; fileRef = FCCA0D8F2088DE42009F77D4 /* LaunchScreen.storyboard */; };
		FCCA0D9C2088DE42009F77D4 /* MercadoPagoSDKExampleSwiftTests.swift in Sources */ = {isa = PBXBuildFile; fileRef = FCCA0D9B2088DE42009F77D4 /* MercadoPagoSDKExampleSwiftTests.swift */; };
		FCCA0DA72088DE42009F77D4 /* MercadoPagoSDKExampleSwiftUITests.swift in Sources */ = {isa = PBXBuildFile; fileRef = FCCA0DA62088DE42009F77D4 /* MercadoPagoSDKExampleSwiftUITests.swift */; };
/* End PBXBuildFile section */

/* Begin PBXContainerItemProxy section */
		FCCA0D982088DE42009F77D4 /* PBXContainerItemProxy */ = {
			isa = PBXContainerItemProxy;
			containerPortal = FCCA0D7B2088DE3F009F77D4 /* Project object */;
			proxyType = 1;
			remoteGlobalIDString = FCCA0D822088DE3F009F77D4;
			remoteInfo = MercadoPagoSDKExampleSwift;
		};
		FCCA0DA32088DE42009F77D4 /* PBXContainerItemProxy */ = {
			isa = PBXContainerItemProxy;
			containerPortal = FCCA0D7B2088DE3F009F77D4 /* Project object */;
			proxyType = 1;
			remoteGlobalIDString = FCCA0D822088DE3F009F77D4;
			remoteInfo = MercadoPagoSDKExampleSwift;
		};
/* End PBXContainerItemProxy section */

/* Begin PBXFileReference section */
		0001817651726AEED878C8DA /* Pods-MercadoPagoSDKExampleSwiftTests.release.xcconfig */ = {isa = PBXFileReference; includeInIndex = 1; lastKnownFileType = text.xcconfig; name = "Pods-MercadoPagoSDKExampleSwiftTests.release.xcconfig"; path = "Pods/Target Support Files/Pods-MercadoPagoSDKExampleSwiftTests/Pods-MercadoPagoSDKExampleSwiftTests.release.xcconfig"; sourceTree = "<group>"; };
		0604D834211FE0E900D5C5D9 /* SecurityCodeScreen.swift */ = {isa = PBXFileReference; fileEncoding = 4; lastKnownFileType = sourcecode.swift; path = SecurityCodeScreen.swift; sourceTree = "<group>"; };
		0604D836211FE7F900D5C5D9 /* PXCardIdTest.swift */ = {isa = PBXFileReference; fileEncoding = 4; lastKnownFileType = sourcecode.swift; path = PXCardIdTest.swift; sourceTree = "<group>"; };
		15225C8B20F66B9A002CF168 /* ConfigurationsViewController.swift */ = {isa = PBXFileReference; lastKnownFileType = sourcecode.swift; path = ConfigurationsViewController.swift; sourceTree = "<group>"; };
		15225C8C20F66B9A002CF168 /* ConfigurationsViewController.xib */ = {isa = PBXFileReference; lastKnownFileType = file.xib; path = ConfigurationsViewController.xib; sourceTree = "<group>"; };
		15225C9320F66C98002CF168 /* Configurations.swift */ = {isa = PBXFileReference; lastKnownFileType = sourcecode.swift; path = Configurations.swift; sourceTree = "<group>"; };
		15225CA120F6851F002CF168 /* ChargesTest.swift */ = {isa = PBXFileReference; lastKnownFileType = sourcecode.swift; path = ChargesTest.swift; sourceTree = "<group>"; };
		157E0A1220AC9D3B00049905 /* PXFile.swift */ = {isa = PBXFileReference; lastKnownFileType = sourcecode.swift; path = PXFile.swift; sourceTree = "<group>"; };
		457D176CBAD5EA0FB31F7F4A /* Pods_MercadoPagoSDKExampleSwift.framework */ = {isa = PBXFileReference; explicitFileType = wrapper.framework; includeInIndex = 0; path = Pods_MercadoPagoSDKExampleSwift.framework; sourceTree = BUILT_PRODUCTS_DIR; };
		4BE78D3B20D818CA00F23CA5 /* PXUITests.swift */ = {isa = PBXFileReference; lastKnownFileType = sourcecode.swift; path = PXUITests.swift; sourceTree = "<group>"; };
		51B851C448C7CF706261E917 /* Pods-MercadoPagoSDKExampleSwiftUITests.release.xcconfig */ = {isa = PBXFileReference; includeInIndex = 1; lastKnownFileType = text.xcconfig; name = "Pods-MercadoPagoSDKExampleSwiftUITests.release.xcconfig"; path = "Pods/Target Support Files/Pods-MercadoPagoSDKExampleSwiftUITests/Pods-MercadoPagoSDKExampleSwiftUITests.release.xcconfig"; sourceTree = "<group>"; };
		5659963E464EE77EF5436BDB /* Pods-MercadoPagoSDKExampleSwiftUITests.debug.xcconfig */ = {isa = PBXFileReference; includeInIndex = 1; lastKnownFileType = text.xcconfig; name = "Pods-MercadoPagoSDKExampleSwiftUITests.debug.xcconfig"; path = "Pods/Target Support Files/Pods-MercadoPagoSDKExampleSwiftUITests/Pods-MercadoPagoSDKExampleSwiftUITests.debug.xcconfig"; sourceTree = "<group>"; };
		81C98B578CAA8E768B266877 /* Pods_MercadoPagoSDKExampleSwiftUITests.framework */ = {isa = PBXFileReference; explicitFileType = wrapper.framework; includeInIndex = 0; path = Pods_MercadoPagoSDKExampleSwiftUITests.framework; sourceTree = BUILT_PRODUCTS_DIR; };
		9597B5575AA91ACC6F5537E3 /* Pods-MercadoPagoSDKExampleSwift.release.xcconfig */ = {isa = PBXFileReference; includeInIndex = 1; lastKnownFileType = text.xcconfig; name = "Pods-MercadoPagoSDKExampleSwift.release.xcconfig"; path = "Pods/Target Support Files/Pods-MercadoPagoSDKExampleSwift/Pods-MercadoPagoSDKExampleSwift.release.xcconfig"; sourceTree = "<group>"; };
		D9AB452BA1CE7C18054FB494 /* Pods-MercadoPagoSDKExampleSwiftTests.debug.xcconfig */ = {isa = PBXFileReference; includeInIndex = 1; lastKnownFileType = text.xcconfig; name = "Pods-MercadoPagoSDKExampleSwiftTests.debug.xcconfig"; path = "Pods/Target Support Files/Pods-MercadoPagoSDKExampleSwiftTests/Pods-MercadoPagoSDKExampleSwiftTests.debug.xcconfig"; sourceTree = "<group>"; };
		DF721E5F2B8A2179535751B9 /* Pods-MercadoPagoSDKExampleSwift.debug.xcconfig */ = {isa = PBXFileReference; includeInIndex = 1; lastKnownFileType = text.xcconfig; name = "Pods-MercadoPagoSDKExampleSwift.debug.xcconfig"; path = "Pods/Target Support Files/Pods-MercadoPagoSDKExampleSwift/Pods-MercadoPagoSDKExampleSwift.debug.xcconfig"; sourceTree = "<group>"; };
		FC157D49209A2386009A2C3A /* IssuersScreen.swift */ = {isa = PBXFileReference; lastKnownFileType = sourcecode.swift; path = IssuersScreen.swift; sourceTree = "<group>"; };
		FC1C5FE520ACB21F007AAE48 /* PXFlows.swift */ = {isa = PBXFileReference; lastKnownFileType = sourcecode.swift; path = PXFlows.swift; sourceTree = "<group>"; };
		FC7D2F5C20F64714001C97CF /* PXDiscountUITest.swift */ = {isa = PBXFileReference; lastKnownFileType = sourcecode.swift; path = PXDiscountUITest.swift; sourceTree = "<group>"; };
		FC7D2F5E20F649A3001C97CF /* DiscountDetailModalScreen.swift */ = {isa = PBXFileReference; lastKnownFileType = sourcecode.swift; path = DiscountDetailModalScreen.swift; sourceTree = "<group>"; };
		FC89F73E2088E2E40093B001 /* CheckoutOptionsViewController.swift */ = {isa = PBXFileReference; lastKnownFileType = sourcecode.swift; path = CheckoutOptionsViewController.swift; sourceTree = "<group>"; };
		FC89F74A2088F5530093B001 /* MainGroupScreen.swift */ = {isa = PBXFileReference; fileEncoding = 4; lastKnownFileType = sourcecode.swift; path = MainGroupScreen.swift; sourceTree = "<group>"; };
		FC89F74B2088F5530093B001 /* CongratsScreen.swift */ = {isa = PBXFileReference; fileEncoding = 4; lastKnownFileType = sourcecode.swift; path = CongratsScreen.swift; sourceTree = "<group>"; };
		FC89F74C2088F5530093B001 /* BaseScreen.swift */ = {isa = PBXFileReference; fileEncoding = 4; lastKnownFileType = sourcecode.swift; path = BaseScreen.swift; sourceTree = "<group>"; };
		FC89F74D2088F5530093B001 /* CardScreen.swift */ = {isa = PBXFileReference; fileEncoding = 4; lastKnownFileType = sourcecode.swift; path = CardScreen.swift; sourceTree = "<group>"; };
		FC89F74E2088F5530093B001 /* IdentificationScreen.swift */ = {isa = PBXFileReference; fileEncoding = 4; lastKnownFileType = sourcecode.swift; path = IdentificationScreen.swift; sourceTree = "<group>"; };
		FC89F74F2088F5540093B001 /* MainPage.swift */ = {isa = PBXFileReference; fileEncoding = 4; lastKnownFileType = sourcecode.swift; path = MainPage.swift; sourceTree = "<group>"; };
		FC89F7502088F5540093B001 /* PayerCostScreen.swift */ = {isa = PBXFileReference; fileEncoding = 4; lastKnownFileType = sourcecode.swift; path = PayerCostScreen.swift; sourceTree = "<group>"; };
		FC89F7522088F5540093B001 /* ReviewScreen.swift */ = {isa = PBXFileReference; fileEncoding = 4; lastKnownFileType = sourcecode.swift; path = ReviewScreen.swift; sourceTree = "<group>"; };
		FCB9B13020F6754F0097F746 /* ConfigurationScreen.swift */ = {isa = PBXFileReference; lastKnownFileType = sourcecode.swift; path = ConfigurationScreen.swift; sourceTree = "<group>"; };
		FCCA0D832088DE3F009F77D4 /* MercadoPagoSDKExampleSwift.app */ = {isa = PBXFileReference; explicitFileType = wrapper.application; includeInIndex = 0; path = MercadoPagoSDKExampleSwift.app; sourceTree = BUILT_PRODUCTS_DIR; };
		FCCA0D862088DE3F009F77D4 /* AppDelegate.swift */ = {isa = PBXFileReference; lastKnownFileType = sourcecode.swift; path = AppDelegate.swift; sourceTree = "<group>"; };
		FCCA0D8D2088DE42009F77D4 /* Assets.xcassets */ = {isa = PBXFileReference; lastKnownFileType = folder.assetcatalog; path = Assets.xcassets; sourceTree = "<group>"; };
		FCCA0D902088DE42009F77D4 /* Base */ = {isa = PBXFileReference; lastKnownFileType = file.storyboard; name = Base; path = Base.lproj/LaunchScreen.storyboard; sourceTree = "<group>"; };
		FCCA0D922088DE42009F77D4 /* Info.plist */ = {isa = PBXFileReference; lastKnownFileType = text.plist.xml; path = Info.plist; sourceTree = "<group>"; };
		FCCA0D972088DE42009F77D4 /* MercadoPagoSDKExampleSwiftTests.xctest */ = {isa = PBXFileReference; explicitFileType = wrapper.cfbundle; includeInIndex = 0; path = MercadoPagoSDKExampleSwiftTests.xctest; sourceTree = BUILT_PRODUCTS_DIR; };
		FCCA0D9B2088DE42009F77D4 /* MercadoPagoSDKExampleSwiftTests.swift */ = {isa = PBXFileReference; lastKnownFileType = sourcecode.swift; path = MercadoPagoSDKExampleSwiftTests.swift; sourceTree = "<group>"; };
		FCCA0D9D2088DE42009F77D4 /* Info.plist */ = {isa = PBXFileReference; lastKnownFileType = text.plist.xml; path = Info.plist; sourceTree = "<group>"; };
		FCCA0DA22088DE42009F77D4 /* MercadoPagoSDKExampleSwiftUITests.xctest */ = {isa = PBXFileReference; explicitFileType = wrapper.cfbundle; includeInIndex = 0; path = MercadoPagoSDKExampleSwiftUITests.xctest; sourceTree = BUILT_PRODUCTS_DIR; };
		FCCA0DA62088DE42009F77D4 /* MercadoPagoSDKExampleSwiftUITests.swift */ = {isa = PBXFileReference; lastKnownFileType = sourcecode.swift; path = MercadoPagoSDKExampleSwiftUITests.swift; sourceTree = "<group>"; };
		FCCA0DA82088DE42009F77D4 /* Info.plist */ = {isa = PBXFileReference; lastKnownFileType = text.plist.xml; path = Info.plist; sourceTree = "<group>"; };
		FDE93CBC48E31A48A8CA308D /* Pods_MercadoPagoSDKExampleSwiftTests.framework */ = {isa = PBXFileReference; explicitFileType = wrapper.framework; includeInIndex = 0; path = Pods_MercadoPagoSDKExampleSwiftTests.framework; sourceTree = BUILT_PRODUCTS_DIR; };
/* End PBXFileReference section */

/* Begin PBXFrameworksBuildPhase section */
		FCCA0D802088DE3F009F77D4 /* Frameworks */ = {
			isa = PBXFrameworksBuildPhase;
			buildActionMask = 2147483647;
			files = (
				89AA528128DCB1F9B3DA0CD8 /* Pods_MercadoPagoSDKExampleSwift.framework in Frameworks */,
			);
			runOnlyForDeploymentPostprocessing = 0;
		};
		FCCA0D942088DE42009F77D4 /* Frameworks */ = {
			isa = PBXFrameworksBuildPhase;
			buildActionMask = 2147483647;
			files = (
				ABEE977B0F00F6062A3E6DF4 /* Pods_MercadoPagoSDKExampleSwiftTests.framework in Frameworks */,
			);
			runOnlyForDeploymentPostprocessing = 0;
		};
		FCCA0D9F2088DE42009F77D4 /* Frameworks */ = {
			isa = PBXFrameworksBuildPhase;
			buildActionMask = 2147483647;
			files = (
				F4409D751945E1115DE67896 /* Pods_MercadoPagoSDKExampleSwiftUITests.framework in Frameworks */,
			);
			runOnlyForDeploymentPostprocessing = 0;
		};
/* End PBXFrameworksBuildPhase section */

/* Begin PBXGroup section */
		15225C9B20F66FB1002CF168 /* View Cotrollers */ = {
			isa = PBXGroup;
			children = (
				FC89F73E2088E2E40093B001 /* CheckoutOptionsViewController.swift */,
				15225C8B20F66B9A002CF168 /* ConfigurationsViewController.swift */,
				15225C8C20F66B9A002CF168 /* ConfigurationsViewController.xib */,
			);
			path = "View Cotrollers";
			sourceTree = "<group>";
		};
		15225C9C20F66FC9002CF168 /* Model */ = {
			isa = PBXGroup;
			children = (
				15225C9320F66C98002CF168 /* Configurations.swift */,
			);
			path = Model;
			sourceTree = "<group>";
		};
		15225CA020F68458002CF168 /* Test Flow */ = {
			isa = PBXGroup;
			children = (
				0604D836211FE7F900D5C5D9 /* PXCardIdTest.swift */,
				4BE78D3B20D818CA00F23CA5 /* PXUITests.swift */,
				FC7D2F5C20F64714001C97CF /* PXDiscountUITest.swift */,
				15225CA120F6851F002CF168 /* ChargesTest.swift */,
			);
			path = "Test Flow";
			sourceTree = "<group>";
		};
		4C325D7F71ACAEBDAB7F6C20 /* Pods */ = {
			isa = PBXGroup;
			children = (
				DF721E5F2B8A2179535751B9 /* Pods-MercadoPagoSDKExampleSwift.debug.xcconfig */,
				9597B5575AA91ACC6F5537E3 /* Pods-MercadoPagoSDKExampleSwift.release.xcconfig */,
				D9AB452BA1CE7C18054FB494 /* Pods-MercadoPagoSDKExampleSwiftTests.debug.xcconfig */,
				0001817651726AEED878C8DA /* Pods-MercadoPagoSDKExampleSwiftTests.release.xcconfig */,
				5659963E464EE77EF5436BDB /* Pods-MercadoPagoSDKExampleSwiftUITests.debug.xcconfig */,
				51B851C448C7CF706261E917 /* Pods-MercadoPagoSDKExampleSwiftUITests.release.xcconfig */,
			);
			name = Pods;
			sourceTree = "<group>";
		};
		58CD3778AA011667C04144F5 /* Frameworks */ = {
			isa = PBXGroup;
			children = (
				457D176CBAD5EA0FB31F7F4A /* Pods_MercadoPagoSDKExampleSwift.framework */,
				FDE93CBC48E31A48A8CA308D /* Pods_MercadoPagoSDKExampleSwiftTests.framework */,
				81C98B578CAA8E768B266877 /* Pods_MercadoPagoSDKExampleSwiftUITests.framework */,
			);
			name = Frameworks;
			sourceTree = "<group>";
		};
		FC1C5FE420ACB20D007AAE48 /* PXFlows */ = {
			isa = PBXGroup;
			children = (
				FC1C5FE520ACB21F007AAE48 /* PXFlows.swift */,
			);
			path = PXFlows;
			sourceTree = "<group>";
		};
		FC89F7452088F4A90093B001 /* ScreenObject */ = {
			isa = PBXGroup;
			children = (
				FC1C5FE420ACB20D007AAE48 /* PXFlows */,
				FC89F74C2088F5530093B001 /* BaseScreen.swift */,
				FC89F74D2088F5530093B001 /* CardScreen.swift */,
				FC89F74B2088F5530093B001 /* CongratsScreen.swift */,
				FC89F74E2088F5530093B001 /* IdentificationScreen.swift */,
				FC89F74A2088F5530093B001 /* MainGroupScreen.swift */,
				0604D834211FE0E900D5C5D9 /* SecurityCodeScreen.swift */,
				FC89F74F2088F5540093B001 /* MainPage.swift */,
				FCB9B13020F6754F0097F746 /* ConfigurationScreen.swift */,
				FC89F7502088F5540093B001 /* PayerCostScreen.swift */,
				FC157D49209A2386009A2C3A /* IssuersScreen.swift */,
				FC89F7522088F5540093B001 /* ReviewScreen.swift */,
				FC7D2F5E20F649A3001C97CF /* DiscountDetailModalScreen.swift */,
			);
			path = ScreenObject;
			sourceTree = "<group>";
		};
		FCCA0D7A2088DE3F009F77D4 = {
			isa = PBXGroup;
			children = (
				FCCA0D852088DE3F009F77D4 /* MercadoPagoSDKExampleSwift */,
				FCCA0D9A2088DE42009F77D4 /* MercadoPagoSDKExampleSwiftTests */,
				FCCA0DA52088DE42009F77D4 /* MercadoPagoSDKExampleSwiftUITests */,
				FCCA0D842088DE3F009F77D4 /* Products */,
				4C325D7F71ACAEBDAB7F6C20 /* Pods */,
				58CD3778AA011667C04144F5 /* Frameworks */,
			);
			sourceTree = "<group>";
		};
		FCCA0D842088DE3F009F77D4 /* Products */ = {
			isa = PBXGroup;
			children = (
				FCCA0D832088DE3F009F77D4 /* MercadoPagoSDKExampleSwift.app */,
				FCCA0D972088DE42009F77D4 /* MercadoPagoSDKExampleSwiftTests.xctest */,
				FCCA0DA22088DE42009F77D4 /* MercadoPagoSDKExampleSwiftUITests.xctest */,
			);
			name = Products;
			sourceTree = "<group>";
		};
		FCCA0D852088DE3F009F77D4 /* MercadoPagoSDKExampleSwift */ = {
			isa = PBXGroup;
			children = (
				15225C9B20F66FB1002CF168 /* View Cotrollers */,
				15225C9C20F66FC9002CF168 /* Model */,
				FCCA0D862088DE3F009F77D4 /* AppDelegate.swift */,
				FCCA0D8D2088DE42009F77D4 /* Assets.xcassets */,
				FCCA0D8F2088DE42009F77D4 /* LaunchScreen.storyboard */,
				FCCA0D922088DE42009F77D4 /* Info.plist */,
				157E0A1220AC9D3B00049905 /* PXFile.swift */,
			);
			path = MercadoPagoSDKExampleSwift;
			sourceTree = "<group>";
		};
		FCCA0D9A2088DE42009F77D4 /* MercadoPagoSDKExampleSwiftTests */ = {
			isa = PBXGroup;
			children = (
				FCCA0D9B2088DE42009F77D4 /* MercadoPagoSDKExampleSwiftTests.swift */,
				FCCA0D9D2088DE42009F77D4 /* Info.plist */,
			);
			path = MercadoPagoSDKExampleSwiftTests;
			sourceTree = "<group>";
		};
		FCCA0DA52088DE42009F77D4 /* MercadoPagoSDKExampleSwiftUITests */ = {
			isa = PBXGroup;
			children = (
				15225CA020F68458002CF168 /* Test Flow */,
				FC89F7452088F4A90093B001 /* ScreenObject */,
				FCCA0DA62088DE42009F77D4 /* MercadoPagoSDKExampleSwiftUITests.swift */,
				FCCA0DA82088DE42009F77D4 /* Info.plist */,
			);
			path = MercadoPagoSDKExampleSwiftUITests;
			sourceTree = "<group>";
		};
/* End PBXGroup section */

/* Begin PBXNativeTarget section */
		FCCA0D822088DE3F009F77D4 /* MercadoPagoSDKExampleSwift */ = {
			isa = PBXNativeTarget;
			buildConfigurationList = FCCA0DAB2088DE42009F77D4 /* Build configuration list for PBXNativeTarget "MercadoPagoSDKExampleSwift" */;
			buildPhases = (
				9A27672E2B809D25B0161654 /* [CP] Check Pods Manifest.lock */,
				FCCA0D7F2088DE3F009F77D4 /* Sources */,
				FCCA0D802088DE3F009F77D4 /* Frameworks */,
				FCCA0D812088DE3F009F77D4 /* Resources */,
				2132A4742FD3C5303EA2DD5F /* [CP] Embed Pods Frameworks */,
				B3857590B35C384E63672A31 /* [CP] Copy Pods Resources */,
			);
			buildRules = (
			);
			dependencies = (
			);
			name = MercadoPagoSDKExampleSwift;
			productName = MercadoPagoSDKExampleSwift;
			productReference = FCCA0D832088DE3F009F77D4 /* MercadoPagoSDKExampleSwift.app */;
			productType = "com.apple.product-type.application";
		};
		FCCA0D962088DE42009F77D4 /* MercadoPagoSDKExampleSwiftTests */ = {
			isa = PBXNativeTarget;
			buildConfigurationList = FCCA0DAE2088DE42009F77D4 /* Build configuration list for PBXNativeTarget "MercadoPagoSDKExampleSwiftTests" */;
			buildPhases = (
				64BA074DEAE1DADD75291907 /* [CP] Check Pods Manifest.lock */,
				FCCA0D932088DE42009F77D4 /* Sources */,
				FCCA0D942088DE42009F77D4 /* Frameworks */,
				FCCA0D952088DE42009F77D4 /* Resources */,
				5F2110F01714E5CDC124FD2A /* [CP] Embed Pods Frameworks */,
				34BE9870B688C6EAA88847A0 /* [CP] Copy Pods Resources */,
			);
			buildRules = (
			);
			dependencies = (
				FCCA0D992088DE42009F77D4 /* PBXTargetDependency */,
			);
			name = MercadoPagoSDKExampleSwiftTests;
			productName = MercadoPagoSDKExampleSwiftTests;
			productReference = FCCA0D972088DE42009F77D4 /* MercadoPagoSDKExampleSwiftTests.xctest */;
			productType = "com.apple.product-type.bundle.unit-test";
		};
		FCCA0DA12088DE42009F77D4 /* MercadoPagoSDKExampleSwiftUITests */ = {
			isa = PBXNativeTarget;
			buildConfigurationList = FCCA0DB12088DE42009F77D4 /* Build configuration list for PBXNativeTarget "MercadoPagoSDKExampleSwiftUITests" */;
			buildPhases = (
				69A0DA6540CA4F3CDBCAD7D4 /* [CP] Check Pods Manifest.lock */,
				FCCA0D9E2088DE42009F77D4 /* Sources */,
				FCCA0D9F2088DE42009F77D4 /* Frameworks */,
				FCCA0DA02088DE42009F77D4 /* Resources */,
				4249C2E7C8A9CF0CE459589A /* [CP] Embed Pods Frameworks */,
				CB6CE033BD305578F8AEFB5A /* [CP] Copy Pods Resources */,
			);
			buildRules = (
			);
			dependencies = (
				FCCA0DA42088DE42009F77D4 /* PBXTargetDependency */,
			);
			name = MercadoPagoSDKExampleSwiftUITests;
			productName = MercadoPagoSDKExampleSwiftUITests;
			productReference = FCCA0DA22088DE42009F77D4 /* MercadoPagoSDKExampleSwiftUITests.xctest */;
			productType = "com.apple.product-type.bundle.ui-testing";
		};
/* End PBXNativeTarget section */

/* Begin PBXProject section */
		FCCA0D7B2088DE3F009F77D4 /* Project object */ = {
			isa = PBXProject;
			attributes = {
				LastSwiftUpdateCheck = 0930;
				LastUpgradeCheck = 0930;
				ORGANIZATIONNAME = "Mercado Pago";
				TargetAttributes = {
					FCCA0D822088DE3F009F77D4 = {
						CreatedOnToolsVersion = 9.3;
					};
					FCCA0D962088DE42009F77D4 = {
						CreatedOnToolsVersion = 9.3;
						TestTargetID = FCCA0D822088DE3F009F77D4;
					};
					FCCA0DA12088DE42009F77D4 = {
						CreatedOnToolsVersion = 9.3;
						TestTargetID = FCCA0D822088DE3F009F77D4;
					};
				};
			};
			buildConfigurationList = FCCA0D7E2088DE3F009F77D4 /* Build configuration list for PBXProject "MercadoPagoSDKExampleSwift" */;
			compatibilityVersion = "Xcode 9.3";
			developmentRegion = en;
			hasScannedForEncodings = 0;
			knownRegions = (
				en,
				Base,
			);
			mainGroup = FCCA0D7A2088DE3F009F77D4;
			productRefGroup = FCCA0D842088DE3F009F77D4 /* Products */;
			projectDirPath = "";
			projectRoot = "";
			targets = (
				FCCA0D822088DE3F009F77D4 /* MercadoPagoSDKExampleSwift */,
				FCCA0D962088DE42009F77D4 /* MercadoPagoSDKExampleSwiftTests */,
				FCCA0DA12088DE42009F77D4 /* MercadoPagoSDKExampleSwiftUITests */,
			);
		};
/* End PBXProject section */

/* Begin PBXResourcesBuildPhase section */
		FCCA0D812088DE3F009F77D4 /* Resources */ = {
			isa = PBXResourcesBuildPhase;
			buildActionMask = 2147483647;
			files = (
				FCCA0D912088DE42009F77D4 /* LaunchScreen.storyboard in Resources */,
				FCCA0D8E2088DE42009F77D4 /* Assets.xcassets in Resources */,
				15225C9020F66B9A002CF168 /* ConfigurationsViewController.xib in Resources */,
			);
			runOnlyForDeploymentPostprocessing = 0;
		};
		FCCA0D952088DE42009F77D4 /* Resources */ = {
			isa = PBXResourcesBuildPhase;
			buildActionMask = 2147483647;
			files = (
				15225C9120F66B9A002CF168 /* ConfigurationsViewController.xib in Resources */,
			);
			runOnlyForDeploymentPostprocessing = 0;
		};
		FCCA0DA02088DE42009F77D4 /* Resources */ = {
			isa = PBXResourcesBuildPhase;
			buildActionMask = 2147483647;
			files = (
				15225C9220F66B9A002CF168 /* ConfigurationsViewController.xib in Resources */,
			);
			runOnlyForDeploymentPostprocessing = 0;
		};
/* End PBXResourcesBuildPhase section */

/* Begin PBXShellScriptBuildPhase section */
		2132A4742FD3C5303EA2DD5F /* [CP] Embed Pods Frameworks */ = {
			isa = PBXShellScriptBuildPhase;
			buildActionMask = 2147483647;
			files = (
			);
			inputPaths = (
				"${SRCROOT}/Pods/Target Support Files/Pods-MercadoPagoSDKExampleSwift/Pods-MercadoPagoSDKExampleSwift-frameworks.sh",
				"${BUILT_PRODUCTS_DIR}/FXBlurView/FXBlurView.framework",
				"${BUILT_PRODUCTS_DIR}/JRSwizzle/JRSwizzle.framework",
				"${BUILT_PRODUCTS_DIR}/MLUI/MLUI.framework",
				"${BUILT_PRODUCTS_DIR}/MercadoPagoSDKV4/MercadoPagoSDKV4.framework",
			);
			name = "[CP] Embed Pods Frameworks";
			outputPaths = (
				"${TARGET_BUILD_DIR}/${FRAMEWORKS_FOLDER_PATH}/FXBlurView.framework",
				"${TARGET_BUILD_DIR}/${FRAMEWORKS_FOLDER_PATH}/JRSwizzle.framework",
				"${TARGET_BUILD_DIR}/${FRAMEWORKS_FOLDER_PATH}/MLUI.framework",
				"${TARGET_BUILD_DIR}/${FRAMEWORKS_FOLDER_PATH}/MercadoPagoSDKV4.framework",
			);
			runOnlyForDeploymentPostprocessing = 0;
			shellPath = /bin/sh;
			shellScript = "\"${SRCROOT}/Pods/Target Support Files/Pods-MercadoPagoSDKExampleSwift/Pods-MercadoPagoSDKExampleSwift-frameworks.sh\"\n";
			showEnvVarsInLog = 0;
		};
		34BE9870B688C6EAA88847A0 /* [CP] Copy Pods Resources */ = {
			isa = PBXShellScriptBuildPhase;
			buildActionMask = 2147483647;
			files = (
			);
			inputPaths = (
			);
			name = "[CP] Copy Pods Resources";
			outputPaths = (
			);
			runOnlyForDeploymentPostprocessing = 0;
			shellPath = /bin/sh;
			shellScript = "\"${SRCROOT}/Pods/Target Support Files/Pods-MercadoPagoSDKExampleSwiftTests/Pods-MercadoPagoSDKExampleSwiftTests-resources.sh\"\n";
			showEnvVarsInLog = 0;
		};
		4249C2E7C8A9CF0CE459589A /* [CP] Embed Pods Frameworks */ = {
			isa = PBXShellScriptBuildPhase;
			buildActionMask = 2147483647;
			files = (
			);
			inputPaths = (
			);
			name = "[CP] Embed Pods Frameworks";
			outputPaths = (
			);
			runOnlyForDeploymentPostprocessing = 0;
			shellPath = /bin/sh;
			shellScript = "\"${SRCROOT}/Pods/Target Support Files/Pods-MercadoPagoSDKExampleSwiftUITests/Pods-MercadoPagoSDKExampleSwiftUITests-frameworks.sh\"\n";
			showEnvVarsInLog = 0;
		};
		5F2110F01714E5CDC124FD2A /* [CP] Embed Pods Frameworks */ = {
			isa = PBXShellScriptBuildPhase;
			buildActionMask = 2147483647;
			files = (
			);
			inputPaths = (
			);
			name = "[CP] Embed Pods Frameworks";
			outputPaths = (
			);
			runOnlyForDeploymentPostprocessing = 0;
			shellPath = /bin/sh;
			shellScript = "\"${SRCROOT}/Pods/Target Support Files/Pods-MercadoPagoSDKExampleSwiftTests/Pods-MercadoPagoSDKExampleSwiftTests-frameworks.sh\"\n";
			showEnvVarsInLog = 0;
		};
		64BA074DEAE1DADD75291907 /* [CP] Check Pods Manifest.lock */ = {
			isa = PBXShellScriptBuildPhase;
			buildActionMask = 2147483647;
			files = (
			);
			inputPaths = (
				"${PODS_PODFILE_DIR_PATH}/Podfile.lock",
				"${PODS_ROOT}/Manifest.lock",
			);
			name = "[CP] Check Pods Manifest.lock";
			outputPaths = (
				"$(DERIVED_FILE_DIR)/Pods-MercadoPagoSDKExampleSwiftTests-checkManifestLockResult.txt",
			);
			runOnlyForDeploymentPostprocessing = 0;
			shellPath = /bin/sh;
			shellScript = "diff \"${PODS_PODFILE_DIR_PATH}/Podfile.lock\" \"${PODS_ROOT}/Manifest.lock\" > /dev/null\nif [ $? != 0 ] ; then\n    # print error to STDERR\n    echo \"error: The sandbox is not in sync with the Podfile.lock. Run 'pod install' or update your CocoaPods installation.\" >&2\n    exit 1\nfi\n# This output is used by Xcode 'outputs' to avoid re-running this script phase.\necho \"SUCCESS\" > \"${SCRIPT_OUTPUT_FILE_0}\"\n";
			showEnvVarsInLog = 0;
		};
		69A0DA6540CA4F3CDBCAD7D4 /* [CP] Check Pods Manifest.lock */ = {
			isa = PBXShellScriptBuildPhase;
			buildActionMask = 2147483647;
			files = (
			);
			inputPaths = (
				"${PODS_PODFILE_DIR_PATH}/Podfile.lock",
				"${PODS_ROOT}/Manifest.lock",
			);
			name = "[CP] Check Pods Manifest.lock";
			outputPaths = (
				"$(DERIVED_FILE_DIR)/Pods-MercadoPagoSDKExampleSwiftUITests-checkManifestLockResult.txt",
			);
			runOnlyForDeploymentPostprocessing = 0;
			shellPath = /bin/sh;
			shellScript = "diff \"${PODS_PODFILE_DIR_PATH}/Podfile.lock\" \"${PODS_ROOT}/Manifest.lock\" > /dev/null\nif [ $? != 0 ] ; then\n    # print error to STDERR\n    echo \"error: The sandbox is not in sync with the Podfile.lock. Run 'pod install' or update your CocoaPods installation.\" >&2\n    exit 1\nfi\n# This output is used by Xcode 'outputs' to avoid re-running this script phase.\necho \"SUCCESS\" > \"${SCRIPT_OUTPUT_FILE_0}\"\n";
			showEnvVarsInLog = 0;
		};
		9A27672E2B809D25B0161654 /* [CP] Check Pods Manifest.lock */ = {
			isa = PBXShellScriptBuildPhase;
			buildActionMask = 2147483647;
			files = (
			);
			inputPaths = (
				"${PODS_PODFILE_DIR_PATH}/Podfile.lock",
				"${PODS_ROOT}/Manifest.lock",
			);
			name = "[CP] Check Pods Manifest.lock";
			outputPaths = (
				"$(DERIVED_FILE_DIR)/Pods-MercadoPagoSDKExampleSwift-checkManifestLockResult.txt",
			);
			runOnlyForDeploymentPostprocessing = 0;
			shellPath = /bin/sh;
			shellScript = "diff \"${PODS_PODFILE_DIR_PATH}/Podfile.lock\" \"${PODS_ROOT}/Manifest.lock\" > /dev/null\nif [ $? != 0 ] ; then\n    # print error to STDERR\n    echo \"error: The sandbox is not in sync with the Podfile.lock. Run 'pod install' or update your CocoaPods installation.\" >&2\n    exit 1\nfi\n# This output is used by Xcode 'outputs' to avoid re-running this script phase.\necho \"SUCCESS\" > \"${SCRIPT_OUTPUT_FILE_0}\"\n";
			showEnvVarsInLog = 0;
		};
		B3857590B35C384E63672A31 /* [CP] Copy Pods Resources */ = {
			isa = PBXShellScriptBuildPhase;
			buildActionMask = 2147483647;
			files = (
			);
			inputPaths = (
			);
			name = "[CP] Copy Pods Resources";
			outputPaths = (
			);
			runOnlyForDeploymentPostprocessing = 0;
			shellPath = /bin/sh;
			shellScript = "\"${SRCROOT}/Pods/Target Support Files/Pods-MercadoPagoSDKExampleSwift/Pods-MercadoPagoSDKExampleSwift-resources.sh\"\n";
			showEnvVarsInLog = 0;
		};
		CB6CE033BD305578F8AEFB5A /* [CP] Copy Pods Resources */ = {
			isa = PBXShellScriptBuildPhase;
			buildActionMask = 2147483647;
			files = (
			);
			inputPaths = (
			);
			name = "[CP] Copy Pods Resources";
			outputPaths = (
			);
			runOnlyForDeploymentPostprocessing = 0;
			shellPath = /bin/sh;
			shellScript = "\"${SRCROOT}/Pods/Target Support Files/Pods-MercadoPagoSDKExampleSwiftUITests/Pods-MercadoPagoSDKExampleSwiftUITests-resources.sh\"\n";
			showEnvVarsInLog = 0;
		};
/* End PBXShellScriptBuildPhase section */

/* Begin PBXSourcesBuildPhase section */
		FCCA0D7F2088DE3F009F77D4 /* Sources */ = {
			isa = PBXSourcesBuildPhase;
			buildActionMask = 2147483647;
			files = (
				157E0A1320AC9D3B00049905 /* PXFile.swift in Sources */,
				15225C8D20F66B9A002CF168 /* ConfigurationsViewController.swift in Sources */,
				15225C9420F66C98002CF168 /* Configurations.swift in Sources */,
				FCCA0D872088DE3F009F77D4 /* AppDelegate.swift in Sources */,
				FC89F73F2088E2E40093B001 /* CheckoutOptionsViewController.swift in Sources */,
			);
			runOnlyForDeploymentPostprocessing = 0;
		};
		FCCA0D932088DE42009F77D4 /* Sources */ = {
			isa = PBXSourcesBuildPhase;
			buildActionMask = 2147483647;
			files = (
				15225C9520F66C98002CF168 /* Configurations.swift in Sources */,
				FCCA0D9C2088DE42009F77D4 /* MercadoPagoSDKExampleSwiftTests.swift in Sources */,
			);
			runOnlyForDeploymentPostprocessing = 0;
		};
		FCCA0D9E2088DE42009F77D4 /* Sources */ = {
			isa = PBXSourcesBuildPhase;
			buildActionMask = 2147483647;
			files = (
				FC89F7532088F5540093B001 /* MainGroupScreen.swift in Sources */,
				0604D837211FE7F900D5C5D9 /* PXCardIdTest.swift in Sources */,
				FC157D4A209A2386009A2C3A /* IssuersScreen.swift in Sources */,
				FC7D2F5F20F649A3001C97CF /* DiscountDetailModalScreen.swift in Sources */,
				FC89F7572088F5540093B001 /* IdentificationScreen.swift in Sources */,
				4BE78D3C20D818CA00F23CA5 /* PXUITests.swift in Sources */,
				FC89F7592088F5540093B001 /* PayerCostScreen.swift in Sources */,
				FC89F7542088F5540093B001 /* CongratsScreen.swift in Sources */,
				FCB9B13120F6754F0097F746 /* ConfigurationScreen.swift in Sources */,
				FC89F7562088F5540093B001 /* CardScreen.swift in Sources */,
				15225CA220F6851F002CF168 /* ChargesTest.swift in Sources */,
				0604D835211FE0EA00D5C5D9 /* SecurityCodeScreen.swift in Sources */,
				FC7D2F5D20F64714001C97CF /* PXDiscountUITest.swift in Sources */,
				FC1C5FE620ACB21F007AAE48 /* PXFlows.swift in Sources */,
				FC89F7552088F5540093B001 /* BaseScreen.swift in Sources */,
				15225C9620F66C98002CF168 /* Configurations.swift in Sources */,
				FC89F7582088F5540093B001 /* MainPage.swift in Sources */,
				FCCA0DA72088DE42009F77D4 /* MercadoPagoSDKExampleSwiftUITests.swift in Sources */,
				FC89F75B2088F5540093B001 /* ReviewScreen.swift in Sources */,
			);
			runOnlyForDeploymentPostprocessing = 0;
		};
/* End PBXSourcesBuildPhase section */

/* Begin PBXTargetDependency section */
		FCCA0D992088DE42009F77D4 /* PBXTargetDependency */ = {
			isa = PBXTargetDependency;
			target = FCCA0D822088DE3F009F77D4 /* MercadoPagoSDKExampleSwift */;
			targetProxy = FCCA0D982088DE42009F77D4 /* PBXContainerItemProxy */;
		};
		FCCA0DA42088DE42009F77D4 /* PBXTargetDependency */ = {
			isa = PBXTargetDependency;
			target = FCCA0D822088DE3F009F77D4 /* MercadoPagoSDKExampleSwift */;
			targetProxy = FCCA0DA32088DE42009F77D4 /* PBXContainerItemProxy */;
		};
/* End PBXTargetDependency section */

/* Begin PBXVariantGroup section */
		FCCA0D8F2088DE42009F77D4 /* LaunchScreen.storyboard */ = {
			isa = PBXVariantGroup;
			children = (
				FCCA0D902088DE42009F77D4 /* Base */,
			);
			name = LaunchScreen.storyboard;
			sourceTree = "<group>";
		};
/* End PBXVariantGroup section */

/* Begin XCBuildConfiguration section */
		FCCA0DA92088DE42009F77D4 /* Debug */ = {
			isa = XCBuildConfiguration;
			buildSettings = {
				ALWAYS_SEARCH_USER_PATHS = NO;
				CLANG_ANALYZER_NONNULL = YES;
				CLANG_ANALYZER_NUMBER_OBJECT_CONVERSION = YES_AGGRESSIVE;
				CLANG_CXX_LANGUAGE_STANDARD = "gnu++14";
				CLANG_CXX_LIBRARY = "libc++";
				CLANG_ENABLE_MODULES = YES;
				CLANG_ENABLE_OBJC_ARC = YES;
				CLANG_ENABLE_OBJC_WEAK = YES;
				CLANG_WARN_BLOCK_CAPTURE_AUTORELEASING = YES;
				CLANG_WARN_BOOL_CONVERSION = YES;
				CLANG_WARN_COMMA = YES;
				CLANG_WARN_CONSTANT_CONVERSION = YES;
				CLANG_WARN_DEPRECATED_OBJC_IMPLEMENTATIONS = YES;
				CLANG_WARN_DIRECT_OBJC_ISA_USAGE = YES_ERROR;
				CLANG_WARN_DOCUMENTATION_COMMENTS = YES;
				CLANG_WARN_EMPTY_BODY = YES;
				CLANG_WARN_ENUM_CONVERSION = YES;
				CLANG_WARN_INFINITE_RECURSION = YES;
				CLANG_WARN_INT_CONVERSION = YES;
				CLANG_WARN_NON_LITERAL_NULL_CONVERSION = YES;
				CLANG_WARN_OBJC_IMPLICIT_RETAIN_SELF = YES;
				CLANG_WARN_OBJC_LITERAL_CONVERSION = YES;
				CLANG_WARN_OBJC_ROOT_CLASS = YES_ERROR;
				CLANG_WARN_RANGE_LOOP_ANALYSIS = YES;
				CLANG_WARN_STRICT_PROTOTYPES = YES;
				CLANG_WARN_SUSPICIOUS_MOVE = YES;
				CLANG_WARN_UNGUARDED_AVAILABILITY = YES_AGGRESSIVE;
				CLANG_WARN_UNREACHABLE_CODE = YES;
				CLANG_WARN__DUPLICATE_METHOD_MATCH = YES;
				CODE_SIGN_IDENTITY = "iPhone Developer";
				COPY_PHASE_STRIP = NO;
				DEBUG_INFORMATION_FORMAT = dwarf;
				ENABLE_STRICT_OBJC_MSGSEND = YES;
				ENABLE_TESTABILITY = YES;
				GCC_C_LANGUAGE_STANDARD = gnu11;
				GCC_DYNAMIC_NO_PIC = NO;
				GCC_NO_COMMON_BLOCKS = YES;
				GCC_OPTIMIZATION_LEVEL = 0;
				GCC_PREPROCESSOR_DEFINITIONS = (
					"DEBUG=1",
					"$(inherited)",
				);
				GCC_WARN_64_TO_32_BIT_CONVERSION = YES;
				GCC_WARN_ABOUT_RETURN_TYPE = YES_ERROR;
				GCC_WARN_UNDECLARED_SELECTOR = YES;
				GCC_WARN_UNINITIALIZED_AUTOS = YES_AGGRESSIVE;
				GCC_WARN_UNUSED_FUNCTION = YES;
				GCC_WARN_UNUSED_VARIABLE = YES;
				IPHONEOS_DEPLOYMENT_TARGET = 11.3;
				MTL_ENABLE_DEBUG_INFO = YES;
				ONLY_ACTIVE_ARCH = YES;
				SDKROOT = iphoneos;
				SWIFT_ACTIVE_COMPILATION_CONDITIONS = DEBUG;
				SWIFT_OPTIMIZATION_LEVEL = "-Onone";
			};
			name = Debug;
		};
		FCCA0DAA2088DE42009F77D4 /* Release */ = {
			isa = XCBuildConfiguration;
			buildSettings = {
				ALWAYS_SEARCH_USER_PATHS = NO;
				CLANG_ANALYZER_NONNULL = YES;
				CLANG_ANALYZER_NUMBER_OBJECT_CONVERSION = YES_AGGRESSIVE;
				CLANG_CXX_LANGUAGE_STANDARD = "gnu++14";
				CLANG_CXX_LIBRARY = "libc++";
				CLANG_ENABLE_MODULES = YES;
				CLANG_ENABLE_OBJC_ARC = YES;
				CLANG_ENABLE_OBJC_WEAK = YES;
				CLANG_WARN_BLOCK_CAPTURE_AUTORELEASING = YES;
				CLANG_WARN_BOOL_CONVERSION = YES;
				CLANG_WARN_COMMA = YES;
				CLANG_WARN_CONSTANT_CONVERSION = YES;
				CLANG_WARN_DEPRECATED_OBJC_IMPLEMENTATIONS = YES;
				CLANG_WARN_DIRECT_OBJC_ISA_USAGE = YES_ERROR;
				CLANG_WARN_DOCUMENTATION_COMMENTS = YES;
				CLANG_WARN_EMPTY_BODY = YES;
				CLANG_WARN_ENUM_CONVERSION = YES;
				CLANG_WARN_INFINITE_RECURSION = YES;
				CLANG_WARN_INT_CONVERSION = YES;
				CLANG_WARN_NON_LITERAL_NULL_CONVERSION = YES;
				CLANG_WARN_OBJC_IMPLICIT_RETAIN_SELF = YES;
				CLANG_WARN_OBJC_LITERAL_CONVERSION = YES;
				CLANG_WARN_OBJC_ROOT_CLASS = YES_ERROR;
				CLANG_WARN_RANGE_LOOP_ANALYSIS = YES;
				CLANG_WARN_STRICT_PROTOTYPES = YES;
				CLANG_WARN_SUSPICIOUS_MOVE = YES;
				CLANG_WARN_UNGUARDED_AVAILABILITY = YES_AGGRESSIVE;
				CLANG_WARN_UNREACHABLE_CODE = YES;
				CLANG_WARN__DUPLICATE_METHOD_MATCH = YES;
				CODE_SIGN_IDENTITY = "iPhone Developer";
				COPY_PHASE_STRIP = NO;
				DEBUG_INFORMATION_FORMAT = "dwarf-with-dsym";
				ENABLE_NS_ASSERTIONS = NO;
				ENABLE_STRICT_OBJC_MSGSEND = YES;
				GCC_C_LANGUAGE_STANDARD = gnu11;
				GCC_NO_COMMON_BLOCKS = YES;
				GCC_WARN_64_TO_32_BIT_CONVERSION = YES;
				GCC_WARN_ABOUT_RETURN_TYPE = YES_ERROR;
				GCC_WARN_UNDECLARED_SELECTOR = YES;
				GCC_WARN_UNINITIALIZED_AUTOS = YES_AGGRESSIVE;
				GCC_WARN_UNUSED_FUNCTION = YES;
				GCC_WARN_UNUSED_VARIABLE = YES;
				IPHONEOS_DEPLOYMENT_TARGET = 11.3;
				MTL_ENABLE_DEBUG_INFO = NO;
				SDKROOT = iphoneos;
				SWIFT_COMPILATION_MODE = wholemodule;
				SWIFT_OPTIMIZATION_LEVEL = "-O";
				VALIDATE_PRODUCT = YES;
			};
			name = Release;
		};
		FCCA0DAC2088DE42009F77D4 /* Debug */ = {
			isa = XCBuildConfiguration;
			baseConfigurationReference = DF721E5F2B8A2179535751B9 /* Pods-MercadoPagoSDKExampleSwift.debug.xcconfig */;
			buildSettings = {
				ASSETCATALOG_COMPILER_APPICON_NAME = AppIcon;
				CODE_SIGN_STYLE = Automatic;
				DEVELOPMENT_TEAM = X8G6AP44UF;
				INFOPLIST_FILE = MercadoPagoSDKExampleSwift/Info.plist;
				LD_RUNPATH_SEARCH_PATHS = "$(inherited) @executable_path/Frameworks";
				PRODUCT_BUNDLE_IDENTIFIER = com.MercadoPago.MercadoPagoSDKExampleSwift;
				PRODUCT_NAME = "$(TARGET_NAME)";
				SWIFT_VERSION = 4.0;
				TARGETED_DEVICE_FAMILY = "1,2";
			};
			name = Debug;
		};
		FCCA0DAD2088DE42009F77D4 /* Release */ = {
			isa = XCBuildConfiguration;
			baseConfigurationReference = 9597B5575AA91ACC6F5537E3 /* Pods-MercadoPagoSDKExampleSwift.release.xcconfig */;
			buildSettings = {
				ASSETCATALOG_COMPILER_APPICON_NAME = AppIcon;
				CODE_SIGN_STYLE = Automatic;
				DEVELOPMENT_TEAM = X8G6AP44UF;
				INFOPLIST_FILE = MercadoPagoSDKExampleSwift/Info.plist;
				LD_RUNPATH_SEARCH_PATHS = "$(inherited) @executable_path/Frameworks";
				PRODUCT_BUNDLE_IDENTIFIER = com.MercadoPago.MercadoPagoSDKExampleSwift;
				PRODUCT_NAME = "$(TARGET_NAME)";
				SWIFT_VERSION = 4.0;
				TARGETED_DEVICE_FAMILY = "1,2";
			};
			name = Release;
		};
		FCCA0DAF2088DE42009F77D4 /* Debug */ = {
			isa = XCBuildConfiguration;
			baseConfigurationReference = D9AB452BA1CE7C18054FB494 /* Pods-MercadoPagoSDKExampleSwiftTests.debug.xcconfig */;
			buildSettings = {
				ALWAYS_EMBED_SWIFT_STANDARD_LIBRARIES = YES;
				BUNDLE_LOADER = "$(TEST_HOST)";
				CODE_SIGN_STYLE = Automatic;
				INFOPLIST_FILE = MercadoPagoSDKExampleSwiftTests/Info.plist;
				LD_RUNPATH_SEARCH_PATHS = "$(inherited) @executable_path/Frameworks @loader_path/Frameworks";
				PRODUCT_BUNDLE_IDENTIFIER = com.MercadoPago.MercadoPagoSDKExampleSwiftTests;
				PRODUCT_NAME = "$(TARGET_NAME)";
				SWIFT_VERSION = 4.0;
				TARGETED_DEVICE_FAMILY = "1,2";
				TEST_HOST = "$(BUILT_PRODUCTS_DIR)/MercadoPagoSDKExampleSwift.app/MercadoPagoSDKExampleSwift";
			};
			name = Debug;
		};
		FCCA0DB02088DE42009F77D4 /* Release */ = {
			isa = XCBuildConfiguration;
			baseConfigurationReference = 0001817651726AEED878C8DA /* Pods-MercadoPagoSDKExampleSwiftTests.release.xcconfig */;
			buildSettings = {
				ALWAYS_EMBED_SWIFT_STANDARD_LIBRARIES = YES;
				BUNDLE_LOADER = "$(TEST_HOST)";
				CODE_SIGN_STYLE = Automatic;
				INFOPLIST_FILE = MercadoPagoSDKExampleSwiftTests/Info.plist;
				LD_RUNPATH_SEARCH_PATHS = "$(inherited) @executable_path/Frameworks @loader_path/Frameworks";
				PRODUCT_BUNDLE_IDENTIFIER = com.MercadoPago.MercadoPagoSDKExampleSwiftTests;
				PRODUCT_NAME = "$(TARGET_NAME)";
				SWIFT_VERSION = 4.0;
				TARGETED_DEVICE_FAMILY = "1,2";
				TEST_HOST = "$(BUILT_PRODUCTS_DIR)/MercadoPagoSDKExampleSwift.app/MercadoPagoSDKExampleSwift";
			};
			name = Release;
		};
		FCCA0DB22088DE42009F77D4 /* Debug */ = {
			isa = XCBuildConfiguration;
			baseConfigurationReference = 5659963E464EE77EF5436BDB /* Pods-MercadoPagoSDKExampleSwiftUITests.debug.xcconfig */;
			buildSettings = {
				ALWAYS_EMBED_SWIFT_STANDARD_LIBRARIES = YES;
				CODE_SIGN_STYLE = Automatic;
				INFOPLIST_FILE = MercadoPagoSDKExampleSwiftUITests/Info.plist;
				LD_RUNPATH_SEARCH_PATHS = "$(inherited) @executable_path/Frameworks @loader_path/Frameworks";
				PRODUCT_BUNDLE_IDENTIFIER = com.MercadoPago.MercadoPagoSDKExampleSwiftUITests;
				PRODUCT_NAME = "$(TARGET_NAME)";
				SWIFT_VERSION = 4.0;
				TARGETED_DEVICE_FAMILY = "1,2";
				TEST_TARGET_NAME = MercadoPagoSDKExampleSwift;
			};
			name = Debug;
		};
		FCCA0DB32088DE42009F77D4 /* Release */ = {
			isa = XCBuildConfiguration;
			baseConfigurationReference = 51B851C448C7CF706261E917 /* Pods-MercadoPagoSDKExampleSwiftUITests.release.xcconfig */;
			buildSettings = {
				ALWAYS_EMBED_SWIFT_STANDARD_LIBRARIES = YES;
				CODE_SIGN_STYLE = Automatic;
				INFOPLIST_FILE = MercadoPagoSDKExampleSwiftUITests/Info.plist;
				LD_RUNPATH_SEARCH_PATHS = "$(inherited) @executable_path/Frameworks @loader_path/Frameworks";
				PRODUCT_BUNDLE_IDENTIFIER = com.MercadoPago.MercadoPagoSDKExampleSwiftUITests;
				PRODUCT_NAME = "$(TARGET_NAME)";
				SWIFT_VERSION = 4.0;
				TARGETED_DEVICE_FAMILY = "1,2";
				TEST_TARGET_NAME = MercadoPagoSDKExampleSwift;
			};
			name = Release;
		};
/* End XCBuildConfiguration section */

/* Begin XCConfigurationList section */
		FCCA0D7E2088DE3F009F77D4 /* Build configuration list for PBXProject "MercadoPagoSDKExampleSwift" */ = {
			isa = XCConfigurationList;
			buildConfigurations = (
				FCCA0DA92088DE42009F77D4 /* Debug */,
				FCCA0DAA2088DE42009F77D4 /* Release */,
			);
			defaultConfigurationIsVisible = 0;
			defaultConfigurationName = Release;
		};
		FCCA0DAB2088DE42009F77D4 /* Build configuration list for PBXNativeTarget "MercadoPagoSDKExampleSwift" */ = {
			isa = XCConfigurationList;
			buildConfigurations = (
				FCCA0DAC2088DE42009F77D4 /* Debug */,
				FCCA0DAD2088DE42009F77D4 /* Release */,
			);
			defaultConfigurationIsVisible = 0;
			defaultConfigurationName = Release;
		};
		FCCA0DAE2088DE42009F77D4 /* Build configuration list for PBXNativeTarget "MercadoPagoSDKExampleSwiftTests" */ = {
			isa = XCConfigurationList;
			buildConfigurations = (
				FCCA0DAF2088DE42009F77D4 /* Debug */,
				FCCA0DB02088DE42009F77D4 /* Release */,
			);
			defaultConfigurationIsVisible = 0;
			defaultConfigurationName = Release;
		};
		FCCA0DB12088DE42009F77D4 /* Build configuration list for PBXNativeTarget "MercadoPagoSDKExampleSwiftUITests" */ = {
			isa = XCConfigurationList;
			buildConfigurations = (
				FCCA0DB22088DE42009F77D4 /* Debug */,
				FCCA0DB32088DE42009F77D4 /* Release */,
			);
			defaultConfigurationIsVisible = 0;
			defaultConfigurationName = Release;
		};
/* End XCConfigurationList section */
	};
	rootObject = FCCA0D7B2088DE3F009F77D4 /* Project object */;
}
